<?xml version="1.0" encoding="utf-8"?>
<Project ToolsVersion="4.0" xmlns="http://schemas.microsoft.com/developer/msbuild/2003">
  <ItemGroup>
    <ClCompile Include="czynnosciAdministracyjnefunkcje.cpp" />
    <ClCompile Include="funkcjeInterfejsu.cpp" />
    <ClCompile Include="interfejs.cpp" />
    <ClCompile Include="Konstruktory.cpp" />
    <ClCompile Include="rezerwacjeFunkcje.cpp" />
    <ClCompile Include="sprawyStudenckieFunkcje.cpp" />
  </ItemGroup>
  <ItemGroup>
    <ClInclude Include="czynnosciAdministracyjne.h" />
    <ClInclude Include="oplatyKlasy.h" />
    <ClInclude Include="rezerwacjeKlasy.h" />
    <ClInclude Include="sprawyStudenckieKlasy.h" />
    <ClInclude Include="uzytkownik.h" />
  </ItemGroup>
</Project>